// !$*UTF8*$!
{
	archiveVersion = 1;
	classes = {
	};
	objectVersion = 50;
	objects = {

/* Begin PBXBuildFile section */
		0556CD3424766AED002032A3 /* AppDelegate.swift in Sources */ = {isa = PBXBuildFile; fileRef = 0556CD3324766AED002032A3 /* AppDelegate.swift */; };
		0556CD3624766AED002032A3 /* SceneDelegate.swift in Sources */ = {isa = PBXBuildFile; fileRef = 0556CD3524766AED002032A3 /* SceneDelegate.swift */; };
		0556CD3824766AED002032A3 /* ViewController.swift in Sources */ = {isa = PBXBuildFile; fileRef = 0556CD3724766AED002032A3 /* ViewController.swift */; };
		0556CD3B24766AED002032A3 /* Main.storyboard in Resources */ = {isa = PBXBuildFile; fileRef = 0556CD3924766AED002032A3 /* Main.storyboard */; };
		0556CD3D24766AEE002032A3 /* Assets.xcassets in Resources */ = {isa = PBXBuildFile; fileRef = 0556CD3C24766AEE002032A3 /* Assets.xcassets */; };
		0556CD4024766AEE002032A3 /* LaunchScreen.storyboard in Resources */ = {isa = PBXBuildFile; fileRef = 0556CD3E24766AEE002032A3 /* LaunchScreen.storyboard */; };
		A9F3000628836EB28E1473D7 /* Pods_SwiftLab.framework in Frameworks */ = {isa = PBXBuildFile; fileRef = 9155F9AB757BE70D15A35648 /* Pods_SwiftLab.framework */; };
/* End PBXBuildFile section */

/* Begin PBXFileReference section */
		0556CD3024766AED002032A3 /* SwiftLab.app */ = {isa = PBXFileReference; explicitFileType = wrapper.application; includeInIndex = 0; path = SwiftLab.app; sourceTree = BUILT_PRODUCTS_DIR; };
		0556CD3324766AED002032A3 /* AppDelegate.swift */ = {isa = PBXFileReference; lastKnownFileType = sourcecode.swift; path = AppDelegate.swift; sourceTree = "<group>"; };
		0556CD3524766AED002032A3 /* SceneDelegate.swift */ = {isa = PBXFileReference; lastKnownFileType = sourcecode.swift; path = SceneDelegate.swift; sourceTree = "<group>"; };
		0556CD3724766AED002032A3 /* ViewController.swift */ = {isa = PBXFileReference; lastKnownFileType = sourcecode.swift; path = ViewController.swift; sourceTree = "<group>"; };
		0556CD3A24766AED002032A3 /* Base */ = {isa = PBXFileReference; lastKnownFileType = file.storyboard; name = Base; path = Base.lproj/Main.storyboard; sourceTree = "<group>"; };
		0556CD3C24766AEE002032A3 /* Assets.xcassets */ = {isa = PBXFileReference; lastKnownFileType = folder.assetcatalog; path = Assets.xcassets; sourceTree = "<group>"; };
		0556CD3F24766AEE002032A3 /* Base */ = {isa = PBXFileReference; lastKnownFileType = file.storyboard; name = Base; path = Base.lproj/LaunchScreen.storyboard; sourceTree = "<group>"; };
		0556CD4124766AEE002032A3 /* Info.plist */ = {isa = PBXFileReference; lastKnownFileType = text.plist.xml; path = Info.plist; sourceTree = "<group>"; };
		0D236F091DD2CEBACC84F82F /* Pods-SwiftLab.release.xcconfig */ = {isa = PBXFileReference; includeInIndex = 1; lastKnownFileType = text.xcconfig; name = "Pods-SwiftLab.release.xcconfig"; path = "Target Support Files/Pods-SwiftLab/Pods-SwiftLab.release.xcconfig"; sourceTree = "<group>"; };
		9155F9AB757BE70D15A35648 /* Pods_SwiftLab.framework */ = {isa = PBXFileReference; explicitFileType = wrapper.framework; includeInIndex = 0; path = Pods_SwiftLab.framework; sourceTree = BUILT_PRODUCTS_DIR; };
		B0B3225E3E5548B95F00FAFC /* Pods-SwiftLab.debug.xcconfig */ = {isa = PBXFileReference; includeInIndex = 1; lastKnownFileType = text.xcconfig; name = "Pods-SwiftLab.debug.xcconfig"; path = "Target Support Files/Pods-SwiftLab/Pods-SwiftLab.debug.xcconfig"; sourceTree = "<group>"; };
/* End PBXFileReference section */

/* Begin PBXFrameworksBuildPhase section */
		0556CD2D24766AED002032A3 /* Frameworks */ = {
			isa = PBXFrameworksBuildPhase;
			buildActionMask = 2147483647;
			files = (
				A9F3000628836EB28E1473D7 /* Pods_SwiftLab.framework in Frameworks */,
			);
			runOnlyForDeploymentPostprocessing = 0;
		};
/* End PBXFrameworksBuildPhase section */

/* Begin PBXGroup section */
		0556CD2724766AED002032A3 = {
			isa = PBXGroup;
			children = (
				0556CD3224766AED002032A3 /* SwiftLab */,
				0556CD3124766AED002032A3 /* Products */,
				8BD6954E60C4A058011AE39C /* Pods */,
				6C1D940CF441BEB151CBDAE9 /* Frameworks */,
			);
			sourceTree = "<group>";
		};
		0556CD3124766AED002032A3 /* Products */ = {
			isa = PBXGroup;
			children = (
				0556CD3024766AED002032A3 /* SwiftLab.app */,
			);
			name = Products;
			sourceTree = "<group>";
		};
		0556CD3224766AED002032A3 /* SwiftLab */ = {
			isa = PBXGroup;
			children = (
				0556CD3324766AED002032A3 /* AppDelegate.swift */,
				0556CD3524766AED002032A3 /* SceneDelegate.swift */,
				0556CD3724766AED002032A3 /* ViewController.swift */,
				0556CD3924766AED002032A3 /* Main.storyboard */,
				0556CD3C24766AEE002032A3 /* Assets.xcassets */,
				0556CD3E24766AEE002032A3 /* LaunchScreen.storyboard */,
				0556CD4124766AEE002032A3 /* Info.plist */,
			);
			path = SwiftLab;
			sourceTree = "<group>";
		};
		6C1D940CF441BEB151CBDAE9 /* Frameworks */ = {
			isa = PBXGroup;
			children = (
				9155F9AB757BE70D15A35648 /* Pods_SwiftLab.framework */,
			);
			name = Frameworks;
			sourceTree = "<group>";
		};
		8BD6954E60C4A058011AE39C /* Pods */ = {
			isa = PBXGroup;
			children = (
				B0B3225E3E5548B95F00FAFC /* Pods-SwiftLab.debug.xcconfig */,
				0D236F091DD2CEBACC84F82F /* Pods-SwiftLab.release.xcconfig */,
			);
			name = Pods;
			path = Pods;
			sourceTree = "<group>";
		};
/* End PBXGroup section */

/* Begin PBXNativeTarget section */
		0556CD2F24766AED002032A3 /* SwiftLab */ = {
			isa = PBXNativeTarget;
			buildConfigurationList = 0556CD4424766AEE002032A3 /* Build configuration list for PBXNativeTarget "SwiftLab" */;
			buildPhases = (
				7778BBFC565046A1BAB1CFE5 /* [CP] Check Pods Manifest.lock */,
				0556CD2C24766AED002032A3 /* Sources */,
				0556CD2D24766AED002032A3 /* Frameworks */,
				0556CD2E24766AED002032A3 /* Resources */,
				C6664A35EC4AAA282A311507 /* [CP] Embed Pods Frameworks */,
			);
			buildRules = (
			);
			dependencies = (
			);
			name = SwiftLab;
			productName = SwiftLab;
			productReference = 0556CD3024766AED002032A3 /* SwiftLab.app */;
			productType = "com.apple.product-type.application";
		};
/* End PBXNativeTarget section */

/* Begin PBXProject section */
		0556CD2824766AED002032A3 /* Project object */ = {
			isa = PBXProject;
			attributes = {
				LastSwiftUpdateCheck = 1140;
				LastUpgradeCheck = 1140;
				ORGANIZATIONNAME = chunta;
				TargetAttributes = {
					0556CD2F24766AED002032A3 = {
						CreatedOnToolsVersion = 11.4;
					};
				};
			};
			buildConfigurationList = 0556CD2B24766AED002032A3 /* Build configuration list for PBXProject "SwiftLab" */;
			compatibilityVersion = "Xcode 9.3";
			developmentRegion = en;
			hasScannedForEncodings = 0;
			knownRegions = (
				en,
				Base,
			);
			mainGroup = 0556CD2724766AED002032A3;
			productRefGroup = 0556CD3124766AED002032A3 /* Products */;
			projectDirPath = "";
			projectRoot = "";
			targets = (
				0556CD2F24766AED002032A3 /* SwiftLab */,
			);
		};
/* End PBXProject section */

/* Begin PBXResourcesBuildPhase section */
		0556CD2E24766AED002032A3 /* Resources */ = {
			isa = PBXResourcesBuildPhase;
			buildActionMask = 2147483647;
			files = (
				0556CD4024766AEE002032A3 /* LaunchScreen.storyboard in Resources */,
				0556CD3D24766AEE002032A3 /* Assets.xcassets in Resources */,
				0556CD3B24766AED002032A3 /* Main.storyboard in Resources */,
			);
			runOnlyForDeploymentPostprocessing = 0;
		};
/* End PBXResourcesBuildPhase section */

/* Begin PBXShellScriptBuildPhase section */
		7778BBFC565046A1BAB1CFE5 /* [CP] Check Pods Manifest.lock */ = {
			isa = PBXShellScriptBuildPhase;
			buildActionMask = 2147483647;
			files = (
			);
			inputFileListPaths = (
			);
			inputPaths = (
				"${PODS_PODFILE_DIR_PATH}/Podfile.lock",
				"${PODS_ROOT}/Manifest.lock",
			);
			name = "[CP] Check Pods Manifest.lock";
			outputFileListPaths = (
			);
			outputPaths = (
				"$(DERIVED_FILE_DIR)/Pods-SwiftLab-checkManifestLockResult.txt",
			);
			runOnlyForDeploymentPostprocessing = 0;
			shellPath = /bin/sh;
			shellScript = "diff \"${PODS_PODFILE_DIR_PATH}/Podfile.lock\" \"${PODS_ROOT}/Manifest.lock\" > /dev/null\nif [ $? != 0 ] ; then\n    # print error to STDERR\n    echo \"error: The sandbox is not in sync with the Podfile.lock. Run 'pod install' or update your CocoaPods installation.\" >&2\n    exit 1\nfi\n# This output is used by Xcode 'outputs' to avoid re-running this script phase.\necho \"SUCCESS\" > \"${SCRIPT_OUTPUT_FILE_0}\"\n";
			showEnvVarsInLog = 0;
		};
		C6664A35EC4AAA282A311507 /* [CP] Embed Pods Frameworks */ = {
			isa = PBXShellScriptBuildPhase;
			buildActionMask = 2147483647;
			files = (
			);
			inputFileListPaths = (
				"${PODS_ROOT}/Target Support Files/Pods-SwiftLab/Pods-SwiftLab-frameworks-${CONFIGURATION}-input-files.xcfilelist",
			);
			name = "[CP] Embed Pods Frameworks";
			outputFileListPaths = (
				"${PODS_ROOT}/Target Support Files/Pods-SwiftLab/Pods-SwiftLab-frameworks-${CONFIGURATION}-output-files.xcfilelist",
			);
			runOnlyForDeploymentPostprocessing = 0;
			shellPath = /bin/sh;
			shellScript = "\"${PODS_ROOT}/Target Support Files/Pods-SwiftLab/Pods-SwiftLab-frameworks.sh\"\n";
			showEnvVarsInLog = 0;
		};
/* End PBXShellScriptBuildPhase section */

/* Begin PBXSourcesBuildPhase section */
		0556CD2C24766AED002032A3 /* Sources */ = {
			isa = PBXSourcesBuildPhase;
			buildActionMask = 2147483647;
			files = (
				0556CD3824766AED002032A3 /* ViewController.swift in Sources */,
				0556CD3424766AED002032A3 /* AppDelegate.swift in Sources */,
				0556CD3624766AED002032A3 /* SceneDelegate.swift in Sources */,
			);
			runOnlyForDeploymentPostprocessing = 0;
		};
/* End PBXSourcesBuildPhase section */

/* Begin PBXVariantGroup section */
		0556CD3924766AED002032A3 /* Main.storyboard */ = {
			isa = PBXVariantGroup;
			children = (
				0556CD3A24766AED002032A3 /* Base */,
			);
			name = Main.storyboard;
			sourceTree = "<group>";
		};
		0556CD3E24766AEE002032A3 /* LaunchScreen.storyboard */ = {
			isa = PBXVariantGroup;
			children = (
				0556CD3F24766AEE002032A3 /* Base */,
			);
			name = LaunchScreen.storyboard;
			sourceTree = "<group>";
		};
/* End PBXVariantGroup section */

/* Begin XCBuildConfiguration section */
		0556CD4224766AEE002032A3 /* Debug */ = {
			isa = XCBuildConfiguration;
			buildSettings = {
				ALWAYS_SEARCH_USER_PATHS = NO;
				CLANG_ANALYZER_NONNULL = YES;
				CLANG_ANALYZER_NUMBER_OBJECT_CONVERSION = YES_AGGRESSIVE;
				CLANG_CXX_LANGUAGE_STANDARD = "gnu++14";
				CLANG_CXX_LIBRARY = "libc++";
				CLANG_ENABLE_MODULES = YES;
				CLANG_ENABLE_OBJC_ARC = YES;
				CLANG_ENABLE_OBJC_WEAK = YES;
				CLANG_WARN_BLOCK_CAPTURE_AUTORELEASING = YES;
				CLANG_WARN_BOOL_CONVERSION = YES;
				CLANG_WARN_COMMA = YES;
				CLANG_WARN_CONSTANT_CONVERSION = YES;
				CLANG_WARN_DEPRECATED_OBJC_IMPLEMENTATIONS = YES;
				CLANG_WARN_DIRECT_OBJC_ISA_USAGE = YES_ERROR;
				CLANG_WARN_DOCUMENTATION_COMMENTS = YES;
				CLANG_WARN_EMPTY_BODY = YES;
				CLANG_WARN_ENUM_CONVERSION = YES;
				CLANG_WARN_INFINITE_RECURSION = YES;
				CLANG_WARN_INT_CONVERSION = YES;
				CLANG_WARN_NON_LITERAL_NULL_CONVERSION = YES;
				CLANG_WARN_OBJC_IMPLICIT_RETAIN_SELF = YES;
				CLANG_WARN_OBJC_LITERAL_CONVERSION = YES;
				CLANG_WARN_OBJC_ROOT_CLASS = YES_ERROR;
				CLANG_WARN_RANGE_LOOP_ANALYSIS = YES;
				CLANG_WARN_STRICT_PROTOTYPES = YES;
				CLANG_WARN_SUSPICIOUS_MOVE = YES;
				CLANG_WARN_UNGUARDED_AVAILABILITY = YES_AGGRESSIVE;
				CLANG_WARN_UNREACHABLE_CODE = YES;
				CLANG_WARN__DUPLICATE_METHOD_MATCH = YES;
				COPY_PHASE_STRIP = NO;
				DEBUG_INFORMATION_FORMAT = dwarf;
				ENABLE_STRICT_OBJC_MSGSEND = YES;
				ENABLE_TESTABILITY = YES;
				GCC_C_LANGUAGE_STANDARD = gnu11;
				GCC_DYNAMIC_NO_PIC = NO;
				GCC_NO_COMMON_BLOCKS = YES;
				GCC_OPTIMIZATION_LEVEL = 0;
				GCC_PREPROCESSOR_DEFINITIONS = (
					"DEBUG=1",
					"$(inherited)",
				);
				GCC_WARN_64_TO_32_BIT_CONVERSION = YES;
				GCC_WARN_ABOUT_RETURN_TYPE = YES_ERROR;
				GCC_WARN_UNDECLARED_SELECTOR = YES;
				GCC_WARN_UNINITIALIZED_AUTOS = YES_AGGRESSIVE;
				GCC_WARN_UNUSED_FUNCTION = YES;
				GCC_WARN_UNUSED_VARIABLE = YES;
				IPHONEOS_DEPLOYMENT_TARGET = 13.4;
				MTL_ENABLE_DEBUG_INFO = INCLUDE_SOURCE;
				MTL_FAST_MATH = YES;
				ONLY_ACTIVE_ARCH = YES;
				SDKROOT = iphoneos;
				SWIFT_ACTIVE_COMPILATION_CONDITIONS = DEBUG;
				SWIFT_OPTIMIZATION_LEVEL = "-Onone";
			};
			name = Debug;
		};
		0556CD4324766AEE002032A3 /* Release */ = {
			isa = XCBuildConfiguration;
			buildSettings = {
				ALWAYS_SEARCH_USER_PATHS = NO;
				CLANG_ANALYZER_NONNULL = YES;
				CLANG_ANALYZER_NUMBER_OBJECT_CONVERSION = YES_AGGRESSIVE;
				CLANG_CXX_LANGUAGE_STANDARD = "gnu++14";
				CLANG_CXX_LIBRARY = "libc++";
				CLANG_ENABLE_MODULES = YES;
				CLANG_ENABLE_OBJC_ARC = YES;
				CLANG_ENABLE_OBJC_WEAK = YES;
				CLANG_WARN_BLOCK_CAPTURE_AUTORELEASING = YES;
				CLANG_WARN_BOOL_CONVERSION = YES;
				CLANG_WARN_COMMA = YES;
				CLANG_WARN_CONSTANT_CONVERSION = YES;
				CLANG_WARN_DEPRECATED_OBJC_IMPLEMENTATIONS = YES;
				CLANG_WARN_DIRECT_OBJC_ISA_USAGE = YES_ERROR;
				CLANG_WARN_DOCUMENTATION_COMMENTS = YES;
				CLANG_WARN_EMPTY_BODY = YES;
				CLANG_WARN_ENUM_CONVERSION = YES;
				CLANG_WARN_INFINITE_RECURSION = YES;
				CLANG_WARN_INT_CONVERSION = YES;
				CLANG_WARN_NON_LITERAL_NULL_CONVERSION = YES;
				CLANG_WARN_OBJC_IMPLICIT_RETAIN_SELF = YES;
				CLANG_WARN_OBJC_LITERAL_CONVERSION = YES;
				CLANG_WARN_OBJC_ROOT_CLASS = YES_ERROR;
				CLANG_WARN_RANGE_LOOP_ANALYSIS = YES;
				CLANG_WARN_STRICT_PROTOTYPES = YES;
				CLANG_WARN_SUSPICIOUS_MOVE = YES;
				CLANG_WARN_UNGUARDED_AVAILABILITY = YES_AGGRESSIVE;
				CLANG_WARN_UNREACHABLE_CODE = YES;
				CLANG_WARN__DUPLICATE_METHOD_MATCH = YES;
				COPY_PHASE_STRIP = NO;
				DEBUG_INFORMATION_FORMAT = "dwarf-with-dsym";
				ENABLE_NS_ASSERTIONS = NO;
				ENABLE_STRICT_OBJC_MSGSEND = YES;
				GCC_C_LANGUAGE_STANDARD = gnu11;
				GCC_NO_COMMON_BLOCKS = YES;
				GCC_WARN_64_TO_32_BIT_CONVERSION = YES;
				GCC_WARN_ABOUT_RETURN_TYPE = YES_ERROR;
				GCC_WARN_UNDECLARED_SELECTOR = YES;
				GCC_WARN_UNINITIALIZED_AUTOS = YES_AGGRESSIVE;
				GCC_WARN_UNUSED_FUNCTION = YES;
				GCC_WARN_UNUSED_VARIABLE = YES;
				IPHONEOS_DEPLOYMENT_TARGET = 13.4;
				MTL_ENABLE_DEBUG_INFO = NO;
				MTL_FAST_MATH = YES;
				SDKROOT = iphoneos;
				SWIFT_COMPILATION_MODE = wholemodule;
				SWIFT_OPTIMIZATION_LEVEL = "-O";
				VALIDATE_PRODUCT = YES;
			};
			name = Release;
		};
		0556CD4524766AEE002032A3 /* Debug */ = {
			isa = XCBuildConfiguration;
			baseConfigurationReference = B0B3225E3E5548B95F00FAFC /* Pods-SwiftLab.debug.xcconfig */;
			buildSettings = {
				ASSETCATALOG_COMPILER_APPICON_NAME = AppIcon;
				CODE_SIGN_STYLE = Automatic;
				DEVELOPMENT_TEAM = V72QYCH5UU;
				INFOPLIST_FILE = SwiftLab/Info.plist;
				LD_RUNPATH_SEARCH_PATHS = (
					"$(inherited)",
					"@executable_path/Frameworks",
				);
				PRODUCT_BUNDLE_IDENTIFIER = com.appier.rexdev.SwiftLab;
				PRODUCT_NAME = "$(TARGET_NAME)";
				SWIFT_VERSION = 5.0;
				TARGETED_DEVICE_FAMILY = "1,2";
			};
			name = Debug;
		};
		0556CD4624766AEE002032A3 /* Release */ = {
			isa = XCBuildConfiguration;
			baseConfigurationReference = 0D236F091DD2CEBACC84F82F /* Pods-SwiftLab.release.xcconfig */;
			buildSettings = {
				ASSETCATALOG_COMPILER_APPICON_NAME = AppIcon;
				CODE_SIGN_STYLE = Automatic;
				DEVELOPMENT_TEAM = V72QYCH5UU;
				INFOPLIST_FILE = SwiftLab/Info.plist;
				LD_RUNPATH_SEARCH_PATHS = (
					"$(inherited)",
					"@executable_path/Frameworks",
				);
				PRODUCT_BUNDLE_IDENTIFIER = com.appier.rexdev.SwiftLab;
				PRODUCT_NAME = "$(TARGET_NAME)";
				SWIFT_VERSION = 5.0;
				TARGETED_DEVICE_FAMILY = "1,2";
			};
			name = Release;
		};
/* End XCBuildConfiguration section */

/* Begin XCConfigurationList section */
		0556CD2B24766AED002032A3 /* Build configuration list for PBXProject "SwiftLab" */ = {
			isa = XCConfigurationList;
			buildConfigurations = (
				0556CD4224766AEE002032A3 /* Debug */,
				0556CD4324766AEE002032A3 /* Release */,
			);
			defaultConfigurationIsVisible = 0;
			defaultConfigurationName = Release;
		};
		0556CD4424766AEE002032A3 /* Build configuration list for PBXNativeTarget "SwiftLab" */ = {
			isa = XCConfigurationList;
			buildConfigurations = (
				0556CD4524766AEE002032A3 /* Debug */,
				0556CD4624766AEE002032A3 /* Release */,
			);
			defaultConfigurationIsVisible = 0;
			defaultConfigurationName = Release;
		};
/* End XCConfigurationList section */
	};
	rootObject = 0556CD2824766AED002032A3 /* Project object */;
}
